// !$*UTF8*$!
{
	archiveVersion = 1;
	classes = {
	};
	objectVersion = 46;
	objects = {

/* Begin PBXBuildFile section */
		401AD460674B85957C7979A1 /* Pods_ObjC2_les1.framework in Frameworks */ = {isa = PBXBuildFile; fileRef = 761113560BC8C036B1473845 /* Pods_ObjC2_les1.framework */; };
		841B950B1E3E651D00716AB5 /* main.m in Sources */ = {isa = PBXBuildFile; fileRef = 841B950A1E3E651D00716AB5 /* main.m */; };
		841B950E1E3E651D00716AB5 /* AppDelegate.m in Sources */ = {isa = PBXBuildFile; fileRef = 841B950D1E3E651D00716AB5 /* AppDelegate.m */; };
		841B95111E3E651D00716AB5 /* ViewController.m in Sources */ = {isa = PBXBuildFile; fileRef = 841B95101E3E651D00716AB5 /* ViewController.m */; };
		841B95141E3E651D00716AB5 /* Main.storyboard in Resources */ = {isa = PBXBuildFile; fileRef = 841B95121E3E651D00716AB5 /* Main.storyboard */; };
		841B95161E3E651D00716AB5 /* Assets.xcassets in Resources */ = {isa = PBXBuildFile; fileRef = 841B95151E3E651D00716AB5 /* Assets.xcassets */; };
		841B95191E3E651D00716AB5 /* LaunchScreen.storyboard in Resources */ = {isa = PBXBuildFile; fileRef = 841B95171E3E651D00716AB5 /* LaunchScreen.storyboard */; };
		841B95211E3E659300716AB5 /* photo.jpg in Resources */ = {isa = PBXBuildFile; fileRef = 841B95201E3E659300716AB5 /* photo.jpg */; };
/* End PBXBuildFile section */

/* Begin PBXFileReference section */
		761113560BC8C036B1473845 /* Pods_ObjC2_les1.framework */ = {isa = PBXFileReference; explicitFileType = wrapper.framework; includeInIndex = 0; path = Pods_ObjC2_les1.framework; sourceTree = BUILT_PRODUCTS_DIR; };
		841B95061E3E651D00716AB5 /* ObjC2_les1.app */ = {isa = PBXFileReference; explicitFileType = wrapper.application; includeInIndex = 0; path = ObjC2_les1.app; sourceTree = BUILT_PRODUCTS_DIR; };
		841B950A1E3E651D00716AB5 /* main.m */ = {isa = PBXFileReference; lastKnownFileType = sourcecode.c.objc; path = main.m; sourceTree = "<group>"; };
		841B950C1E3E651D00716AB5 /* AppDelegate.h */ = {isa = PBXFileReference; lastKnownFileType = sourcecode.c.h; path = AppDelegate.h; sourceTree = "<group>"; };
		841B950D1E3E651D00716AB5 /* AppDelegate.m */ = {isa = PBXFileReference; lastKnownFileType = sourcecode.c.objc; path = AppDelegate.m; sourceTree = "<group>"; };
		841B950F1E3E651D00716AB5 /* ViewController.h */ = {isa = PBXFileReference; lastKnownFileType = sourcecode.c.h; path = ViewController.h; sourceTree = "<group>"; };
		841B95101E3E651D00716AB5 /* ViewController.m */ = {isa = PBXFileReference; lastKnownFileType = sourcecode.c.objc; path = ViewController.m; sourceTree = "<group>"; };
		841B95131E3E651D00716AB5 /* Base */ = {isa = PBXFileReference; lastKnownFileType = file.storyboard; name = Base; path = Base.lproj/Main.storyboard; sourceTree = "<group>"; };
		841B95151E3E651D00716AB5 /* Assets.xcassets */ = {isa = PBXFileReference; lastKnownFileType = folder.assetcatalog; path = Assets.xcassets; sourceTree = "<group>"; };
		841B95181E3E651D00716AB5 /* Base */ = {isa = PBXFileReference; lastKnownFileType = file.storyboard; name = Base; path = Base.lproj/LaunchScreen.storyboard; sourceTree = "<group>"; };
		841B951A1E3E651D00716AB5 /* Info.plist */ = {isa = PBXFileReference; lastKnownFileType = text.plist.xml; path = Info.plist; sourceTree = "<group>"; };
		841B95201E3E659300716AB5 /* photo.jpg */ = {isa = PBXFileReference; lastKnownFileType = image.jpeg; path = photo.jpg; sourceTree = "<group>"; };
		D0599952FB1077EFAEE50E47 /* Pods-ObjC2_les1.debug.xcconfig */ = {isa = PBXFileReference; includeInIndex = 1; lastKnownFileType = text.xcconfig; name = "Pods-ObjC2_les1.debug.xcconfig"; path = "Pods/Target Support Files/Pods-ObjC2_les1/Pods-ObjC2_les1.debug.xcconfig"; sourceTree = "<group>"; };
		ECDE52A87861B4DB3B9C6A34 /* Pods-ObjC2_les1.release.xcconfig */ = {isa = PBXFileReference; includeInIndex = 1; lastKnownFileType = text.xcconfig; name = "Pods-ObjC2_les1.release.xcconfig"; path = "Pods/Target Support Files/Pods-ObjC2_les1/Pods-ObjC2_les1.release.xcconfig"; sourceTree = "<group>"; };
/* End PBXFileReference section */

/* Begin PBXFrameworksBuildPhase section */
		841B95031E3E651D00716AB5 /* Frameworks */ = {
			isa = PBXFrameworksBuildPhase;
			buildActionMask = 2147483647;
			files = (
				401AD460674B85957C7979A1 /* Pods_ObjC2_les1.framework in Frameworks */,
			);
			runOnlyForDeploymentPostprocessing = 0;
		};
/* End PBXFrameworksBuildPhase section */

/* Begin PBXGroup section */
		5FDEF3CD300D9151F09A3E53 /* Frameworks */ = {
			isa = PBXGroup;
			children = (
				761113560BC8C036B1473845 /* Pods_ObjC2_les1.framework */,
			);
			name = Frameworks;
			sourceTree = "<group>";
		};
		841B94FD1E3E651D00716AB5 = {
			isa = PBXGroup;
			children = (
				841B95081E3E651D00716AB5 /* ObjC2_les1 */,
				841B95071E3E651D00716AB5 /* Products */,
				93EA61706242FEE2E7E710C7 /* Pods */,
				5FDEF3CD300D9151F09A3E53 /* Frameworks */,
			);
			sourceTree = "<group>";
		};
		841B95071E3E651D00716AB5 /* Products */ = {
			isa = PBXGroup;
			children = (
				841B95061E3E651D00716AB5 /* ObjC2_les1.app */,
			);
			name = Products;
			sourceTree = "<group>";
		};
		841B95081E3E651D00716AB5 /* ObjC2_les1 */ = {
			isa = PBXGroup;
			children = (
				841B950C1E3E651D00716AB5 /* AppDelegate.h */,
				841B950D1E3E651D00716AB5 /* AppDelegate.m */,
				841B950F1E3E651D00716AB5 /* ViewController.h */,
				841B95101E3E651D00716AB5 /* ViewController.m */,
				841B95121E3E651D00716AB5 /* Main.storyboard */,
				841B95151E3E651D00716AB5 /* Assets.xcassets */,
				841B95201E3E659300716AB5 /* photo.jpg */,
				841B95171E3E651D00716AB5 /* LaunchScreen.storyboard */,
				841B951A1E3E651D00716AB5 /* Info.plist */,
				841B95091E3E651D00716AB5 /* Supporting Files */,
			);
			path = ObjC2_les1;
			sourceTree = "<group>";
		};
		841B95091E3E651D00716AB5 /* Supporting Files */ = {
			isa = PBXGroup;
			children = (
				841B950A1E3E651D00716AB5 /* main.m */,
			);
			name = "Supporting Files";
			sourceTree = "<group>";
		};
		93EA61706242FEE2E7E710C7 /* Pods */ = {
			isa = PBXGroup;
			children = (
				D0599952FB1077EFAEE50E47 /* Pods-ObjC2_les1.debug.xcconfig */,
				ECDE52A87861B4DB3B9C6A34 /* Pods-ObjC2_les1.release.xcconfig */,
			);
			name = Pods;
			sourceTree = "<group>";
		};
/* End PBXGroup section */

/* Begin PBXNativeTarget section */
		841B95051E3E651D00716AB5 /* ObjC2_les1 */ = {
			isa = PBXNativeTarget;
			buildConfigurationList = 841B951D1E3E651D00716AB5 /* Build configuration list for PBXNativeTarget "ObjC2_les1" */;
			buildPhases = (
				E488BEB19770F48CC7981A32 /* [CP] Check Pods Manifest.lock */,
				841B95021E3E651D00716AB5 /* Sources */,
				841B95031E3E651D00716AB5 /* Frameworks */,
				841B95041E3E651D00716AB5 /* Resources */,
				BD989EE6D097E3A3CAE97296 /* [CP] Embed Pods Frameworks */,
				BD1D53441144AC9A8732DB17 /* [CP] Copy Pods Resources */,
			);
			buildRules = (
			);
			dependencies = (
			);
			name = ObjC2_les1;
			productName = ObjC2_les1;
			productReference = 841B95061E3E651D00716AB5 /* ObjC2_les1.app */;
			productType = "com.apple.product-type.application";
		};
/* End PBXNativeTarget section */

/* Begin PBXProject section */
		841B94FE1E3E651D00716AB5 /* Project object */ = {
			isa = PBXProject;
			attributes = {
				LastUpgradeCheck = 0820;
				ORGANIZATIONNAME = Admin;
				TargetAttributes = {
					841B95051E3E651D00716AB5 = {
						CreatedOnToolsVersion = 8.2;
						ProvisioningStyle = Automatic;
					};
				};
			};
			buildConfigurationList = 841B95011E3E651D00716AB5 /* Build configuration list for PBXProject "ObjC2_les1" */;
			compatibilityVersion = "Xcode 3.2";
			developmentRegion = English;
			hasScannedForEncodings = 0;
			knownRegions = (
				en,
				Base,
			);
			mainGroup = 841B94FD1E3E651D00716AB5;
			productRefGroup = 841B95071E3E651D00716AB5 /* Products */;
			projectDirPath = "";
			projectRoot = "";
			targets = (
				841B95051E3E651D00716AB5 /* ObjC2_les1 */,
			);
		};
/* End PBXProject section */

/* Begin PBXResourcesBuildPhase section */
		841B95041E3E651D00716AB5 /* Resources */ = {
			isa = PBXResourcesBuildPhase;
			buildActionMask = 2147483647;
			files = (
				841B95191E3E651D00716AB5 /* LaunchScreen.storyboard in Resources */,
				841B95161E3E651D00716AB5 /* Assets.xcassets in Resources */,
				841B95211E3E659300716AB5 /* photo.jpg in Resources */,
				841B95141E3E651D00716AB5 /* Main.storyboard in Resources */,
			);
			runOnlyForDeploymentPostprocessing = 0;
		};
/* End PBXResourcesBuildPhase section */

/* Begin PBXShellScriptBuildPhase section */
		BD1D53441144AC9A8732DB17 /* [CP] Copy Pods Resources */ = {
			isa = PBXShellScriptBuildPhase;
			buildActionMask = 2147483647;
			files = (
			);
			inputPaths = (
			);
			name = "[CP] Copy Pods Resources";
			outputPaths = (
			);
			runOnlyForDeploymentPostprocessing = 0;
			shellPath = /bin/sh;
			shellScript = "\"${SRCROOT}/Pods/Target Support Files/Pods-ObjC2_les1/Pods-ObjC2_les1-resources.sh\"\n";
			showEnvVarsInLog = 0;
		};
		BD989EE6D097E3A3CAE97296 /* [CP] Embed Pods Frameworks */ = {
			isa = PBXShellScriptBuildPhase;
			buildActionMask = 2147483647;
			files = (
			);
			inputPaths = (
			);
			name = "[CP] Embed Pods Frameworks";
			outputPaths = (
			);
			runOnlyForDeploymentPostprocessing = 0;
			shellPath = /bin/sh;
			shellScript = "\"${SRCROOT}/Pods/Target Support Files/Pods-ObjC2_les1/Pods-ObjC2_les1-frameworks.sh\"\n";
			showEnvVarsInLog = 0;
		};
		E488BEB19770F48CC7981A32 /* [CP] Check Pods Manifest.lock */ = {
			isa = PBXShellScriptBuildPhase;
			buildActionMask = 2147483647;
			files = (
			);
			inputPaths = (
			);
			name = "[CP] Check Pods Manifest.lock";
			outputPaths = (
			);
			runOnlyForDeploymentPostprocessing = 0;
			shellPath = /bin/sh;
			shellScript = "diff \"${PODS_ROOT}/../Podfile.lock\" \"${PODS_ROOT}/Manifest.lock\" > /dev/null\nif [ $? != 0 ] ; then\n    # print error to STDERR\n    echo \"error: The sandbox is not in sync with the Podfile.lock. Run 'pod install' or update your CocoaPods installation.\" >&2\n    exit 1\nfi\n";
			showEnvVarsInLog = 0;
		};
/* End PBXShellScriptBuildPhase section */

/* Begin PBXSourcesBuildPhase section */
		841B95021E3E651D00716AB5 /* Sources */ = {
			isa = PBXSourcesBuildPhase;
			buildActionMask = 2147483647;
			files = (
				841B95111E3E651D00716AB5 /* ViewController.m in Sources */,
				841B950E1E3E651D00716AB5 /* AppDelegate.m in Sources */,
				841B950B1E3E651D00716AB5 /* main.m in Sources */,
			);
			runOnlyForDeploymentPostprocessing = 0;
		};
/* End PBXSourcesBuildPhase section */

/* Begin PBXVariantGroup section */
		841B95121E3E651D00716AB5 /* Main.storyboard */ = {
			isa = PBXVariantGroup;
			children = (
				841B95131E3E651D00716AB5 /* Base */,
			);
			name = Main.storyboard;
			sourceTree = "<group>";
		};
		841B95171E3E651D00716AB5 /* LaunchScreen.storyboard */ = {
			isa = PBXVariantGroup;
			children = (
				841B95181E3E651D00716AB5 /* Base */,
			);
			name = LaunchScreen.storyboard;
			sourceTree = "<group>";
		};
/* End PBXVariantGroup section */

/* Begin XCBuildConfiguration section */
		841B951B1E3E651D00716AB5 /* Debug */ = {
			isa = XCBuildConfiguration;
			buildSettings = {
				ALWAYS_SEARCH_USER_PATHS = NO;
				CLANG_ANALYZER_NONNULL = YES;
				CLANG_CXX_LANGUAGE_STANDARD = "gnu++0x";
				CLANG_CXX_LIBRARY = "libc++";
				CLANG_ENABLE_MODULES = YES;
				CLANG_ENABLE_OBJC_ARC = YES;
				CLANG_WARN_BOOL_CONVERSION = YES;
				CLANG_WARN_CONSTANT_CONVERSION = YES;
				CLANG_WARN_DIRECT_OBJC_ISA_USAGE = YES_ERROR;
				CLANG_WARN_DOCUMENTATION_COMMENTS = YES;
				CLANG_WARN_EMPTY_BODY = YES;
				CLANG_WARN_ENUM_CONVERSION = YES;
				CLANG_WARN_INFINITE_RECURSION = YES;
				CLANG_WARN_INT_CONVERSION = YES;
				CLANG_WARN_OBJC_ROOT_CLASS = YES_ERROR;
				CLANG_WARN_SUSPICIOUS_MOVE = YES;
				CLANG_WARN_UNREACHABLE_CODE = YES;
				CLANG_WARN__DUPLICATE_METHOD_MATCH = YES;
				"CODE_SIGN_IDENTITY[sdk=iphoneos*]" = "iPhone Developer";
				COPY_PHASE_STRIP = NO;
				DEBUG_INFORMATION_FORMAT = dwarf;
				ENABLE_STRICT_OBJC_MSGSEND = YES;
				ENABLE_TESTABILITY = YES;
				GCC_C_LANGUAGE_STANDARD = gnu99;
				GCC_DYNAMIC_NO_PIC = NO;
				GCC_NO_COMMON_BLOCKS = YES;
				GCC_OPTIMIZATION_LEVEL = 0;
				GCC_PREPROCESSOR_DEFINITIONS = (
					"DEBUG=1",
					"$(inherited)",
				);
				GCC_WARN_64_TO_32_BIT_CONVERSION = YES;
				GCC_WARN_ABOUT_RETURN_TYPE = YES_ERROR;
				GCC_WARN_UNDECLARED_SELECTOR = YES;
				GCC_WARN_UNINITIALIZED_AUTOS = YES_AGGRESSIVE;
				GCC_WARN_UNUSED_FUNCTION = YES;
				GCC_WARN_UNUSED_VARIABLE = YES;
				IPHONEOS_DEPLOYMENT_TARGET = 8.0;
				MTL_ENABLE_DEBUG_INFO = YES;
				ONLY_ACTIVE_ARCH = YES;
				SDKROOT = iphoneos;
				TARGETED_DEVICE_FAMILY = "1,2";
			};
			name = Debug;
		};
		841B951C1E3E651D00716AB5 /* Release */ = {
			isa = XCBuildConfiguration;
			buildSettings = {
				ALWAYS_SEARCH_USER_PATHS = NO;
				CLANG_ANALYZER_NONNULL = YES;
				CLANG_CXX_LANGUAGE_STANDARD = "gnu++0x";
				CLANG_CXX_LIBRARY = "libc++";
				CLANG_ENABLE_MODULES = YES;
				CLANG_ENABLE_OBJC_ARC = YES;
				CLANG_WARN_BOOL_CONVERSION = YES;
				CLANG_WARN_CONSTANT_CONVERSION = YES;
				CLANG_WARN_DIRECT_OBJC_ISA_USAGE = YES_ERROR;
				CLANG_WARN_DOCUMENTATION_COMMENTS = YES;
				CLANG_WARN_EMPTY_BODY = YES;
				CLANG_WARN_ENUM_CONVERSION = YES;
				CLANG_WARN_INFINITE_RECURSION = YES;
				CLANG_WARN_INT_CONVERSION = YES;
				CLANG_WARN_OBJC_ROOT_CLASS = YES_ERROR;
				CLANG_WARN_SUSPICIOUS_MOVE = YES;
				CLANG_WARN_UNREACHABLE_CODE = YES;
				CLANG_WARN__DUPLICATE_METHOD_MATCH = YES;
				"CODE_SIGN_IDENTITY[sdk=iphoneos*]" = "iPhone Developer";
				COPY_PHASE_STRIP = NO;
				DEBUG_INFORMATION_FORMAT = "dwarf-with-dsym";
				ENABLE_NS_ASSERTIONS = NO;
				ENABLE_STRICT_OBJC_MSGSEND = YES;
				GCC_C_LANGUAGE_STANDARD = gnu99;
				GCC_NO_COMMON_BLOCKS = YES;
				GCC_WARN_64_TO_32_BIT_CONVERSION = YES;
				GCC_WARN_ABOUT_RETURN_TYPE = YES_ERROR;
				GCC_WARN_UNDECLARED_SELECTOR = YES;
				GCC_WARN_UNINITIALIZED_AUTOS = YES_AGGRESSIVE;
				GCC_WARN_UNUSED_FUNCTION = YES;
				GCC_WARN_UNUSED_VARIABLE = YES;
				IPHONEOS_DEPLOYMENT_TARGET = 8.0;
				MTL_ENABLE_DEBUG_INFO = NO;
				SDKROOT = iphoneos;
				TARGETED_DEVICE_FAMILY = "1,2";
				VALIDATE_PRODUCT = YES;
			};
			name = Release;
		};
		841B951E1E3E651D00716AB5 /* Debug */ = {
			isa = XCBuildConfiguration;
			baseConfigurationReference = D0599952FB1077EFAEE50E47 /* Pods-ObjC2_les1.debug.xcconfig */;
			buildSettings = {
				ASSETCATALOG_COMPILER_APPICON_NAME = AppIcon;
				INFOPLIST_FILE = ObjC2_les1/Info.plist;
				LD_RUNPATH_SEARCH_PATHS = "$(inherited) @executable_path/Frameworks";
				PRODUCT_BUNDLE_IDENTIFIER = "sdf.ggg.ObjC2-les1";
				PRODUCT_NAME = "$(TARGET_NAME)";
			};
			name = Debug;
		};
		841B951F1E3E651D00716AB5 /* Release */ = {
			isa = XCBuildConfiguration;
			baseConfigurationReference = ECDE52A87861B4DB3B9C6A34 /* Pods-ObjC2_les1.release.xcconfig */;
			buildSettings = {
				ASSETCATALOG_COMPILER_APPICON_NAME = AppIcon;
				INFOPLIST_FILE = ObjC2_les1/Info.plist;
				LD_RUNPATH_SEARCH_PATHS = "$(inherited) @executable_path/Frameworks";
				PRODUCT_BUNDLE_IDENTIFIER = "sdf.ggg.ObjC2-les1";
				PRODUCT_NAME = "$(TARGET_NAME)";
			};
			name = Release;
		};
/* End XCBuildConfiguration section */

/* Begin XCConfigurationList section */
		841B95011E3E651D00716AB5 /* Build configuration list for PBXProject "ObjC2_les1" */ = {
			isa = XCConfigurationList;
			buildConfigurations = (
				841B951B1E3E651D00716AB5 /* Debug */,
				841B951C1E3E651D00716AB5 /* Release */,
			);
			defaultConfigurationIsVisible = 0;
			defaultConfigurationName = Release;
		};
		841B951D1E3E651D00716AB5 /* Build configuration list for PBXNativeTarget "ObjC2_les1" */ = {
			isa = XCConfigurationList;
			buildConfigurations = (
				841B951E1E3E651D00716AB5 /* Debug */,
				841B951F1E3E651D00716AB5 /* Release */,
			);
			defaultConfigurationIsVisible = 0;
		};
/* End XCConfigurationList section */
	};
	rootObject = 841B94FE1E3E651D00716AB5 /* Project object */;
}
